
Microsoft Visual Studio Solution File, Format Version 12.00
# Visual Studio Version 17
VisualStudioVersion = 17.10.34607.79
MinimumVisualStudioVersion = 10.0.40219.1
Project("{2150E333-8FDC-42A3-9474-1A3956D46DE8}") = "Services", "Services", "{76376938-A975-40B0-9659-CC5C67BCF7DB}"
EndProject
Project("{2150E333-8FDC-42A3-9474-1A3956D46DE8}") = "Catalog", "Catalog", "{C9B947FD-393F-4610-9A09-12B5FCAEC76C}"
EndProject
Project("{9A19103F-16F7-4668-BE54-9A1E7A4F7556}") = "MultiShop.Catalog", "Services\Catalog\MultiShop.Catalog\MultiShop.Catalog.csproj", "{F87E1BCC-C5E4-4E45-85C2-F75EAA8541D9}"
EndProject
Project("{2150E333-8FDC-42A3-9474-1A3956D46DE8}") = "Discount", "Discount", "{6ADBC9FF-4B35-48FC-A71C-BA1121403832}"
EndProject
Project("{9A19103F-16F7-4668-BE54-9A1E7A4F7556}") = "MultiShop.Discount", "Services\Discount\MultiShop.Discount\MultiShop.Discount.csproj", "{4D3CC906-FBDA-4EC4-B9AE-8BB26089F535}"
EndProject
Project("{2150E333-8FDC-42A3-9474-1A3956D46DE8}") = "Order", "Order", "{204F58DC-0ADB-4D04-A120-E70ACAE55FE1}"
EndProject
Project("{2150E333-8FDC-42A3-9474-1A3956D46DE8}") = "Core", "Core", "{8693E720-20CD-4055-9F05-72DA2C8E84F6}"
EndProject
Project("{2150E333-8FDC-42A3-9474-1A3956D46DE8}") = "Presentation", "Presentation", "{AA081234-D42C-4B39-9CCA-7E7C1F81F2DA}"
EndProject
Project("{9A19103F-16F7-4668-BE54-9A1E7A4F7556}") = "MultiShop.Order.Domain", "Services\Order\Core\MultiShop.Order.Domain\MultiShop.Order.Domain.csproj", "{F04D50BA-A5B6-467B-90E2-B4904ABA48A5}"
EndProject
Project("{9A19103F-16F7-4668-BE54-9A1E7A4F7556}") = "MultiShop.Order.Application", "Services\Order\Core\MultiShop.Order.Application\MultiShop.Order.Application.csproj", "{D090F632-B52F-4AD5-A4B2-41A447B99E7A}"
EndProject
Project("{9A19103F-16F7-4668-BE54-9A1E7A4F7556}") = "MultiShop.Order.WebApi", "Services\Order\Presentation\MultiShop.Order.WebApi\MultiShop.Order.WebApi.csproj", "{CE244AB9-D441-4A71-AB8F-1E4DA565935F}"
EndProject
Project("{2150E333-8FDC-42A3-9474-1A3956D46DE8}") = "Infrastructure", "Infrastructure", "{CD2112A4-7B4D-422E-94A1-3C7F7E654B8D}"
EndProject
Project("{9A19103F-16F7-4668-BE54-9A1E7A4F7556}") = "MultiShop.Order.Persistence", "Services\Order\Infrastructure\MultiShop.Order.Persistence\MultiShop.Order.Persistence.csproj", "{BF084007-62C5-4048-B068-BFBFDC8AE143}"
EndProject
Project("{2150E333-8FDC-42A3-9474-1A3956D46DE8}") = "IdentityServer", "IdentityServer", "{5ADF0634-DB4A-40DA-9736-D30B82EBF1BE}"
EndProject
Project("{9A19103F-16F7-4668-BE54-9A1E7A4F7556}") = "MultiShop.IdentityServer", "IdentityServer\MultiShop.IdentityServer\MultiShop.IdentityServer.csproj", "{C00729E8-82FF-4FB2-975D-98DFBB613808}"
EndProject
Project("{2150E333-8FDC-42A3-9474-1A3956D46DE8}") = "Cargo", "Cargo", "{1FA8325C-CB82-4DDD-9240-F9A824F97ED6}"
EndProject
Project("{9A19103F-16F7-4668-BE54-9A1E7A4F7556}") = "MultiShop.Cargo.BusinessLayer", "Services\Cargo\MultiShop.Cargo.BusinessLayer\MultiShop.Cargo.BusinessLayer.csproj", "{FC94002F-C814-44B8-86F1-18714FF6A70D}"
EndProject
Project("{9A19103F-16F7-4668-BE54-9A1E7A4F7556}") = "MultiShop.Cargo.EntityLayer", "Services\Cargo\MultiShop.Cargo.EntityLayer\MultiShop.Cargo.EntityLayer.csproj", "{7BAE6323-C3EE-44A9-B8B1-33D8D0A7C8E8}"
EndProject
Project("{9A19103F-16F7-4668-BE54-9A1E7A4F7556}") = "MultiShop.Cargo.DataAccessLayer", "Services\Cargo\MultiShop.Cargo.DataAccessLayer\MultiShop.Cargo.DataAccessLayer.csproj", "{EC6EFFEC-48BA-4538-BB7D-B6EF2CBB82BE}"
EndProject
Project("{9A19103F-16F7-4668-BE54-9A1E7A4F7556}") = "MultiShop.Cargo.DtoLayer", "Services\Cargo\MultiShop.Cargo.DtoLayer\MultiShop.Cargo.DtoLayer.csproj", "{8F69C296-27FD-4D0A-9113-205F96F7F162}"
EndProject
Project("{9A19103F-16F7-4668-BE54-9A1E7A4F7556}") = "MultiShop.Cargo.WebApi", "Services\Cargo\MultiShop.Cargo.WebApi\MultiShop.Cargo.WebApi.csproj", "{4C1A6752-0E50-4B9D-805E-FF174CA9A67D}"
EndProject
Project("{2150E333-8FDC-42A3-9474-1A3956D46DE8}") = "Basket", "Basket", "{ED1E3C05-E3DF-4270-934B-78C8BBAC6D17}"
EndProject
Project("{9A19103F-16F7-4668-BE54-9A1E7A4F7556}") = "MultiShop.Basket", "Services\Basket\MultiShop.Basket\MultiShop.Basket.csproj", "{40C95E52-3284-4638-A48C-E8EBB7EECAAF}"
EndProject
Project("{2150E333-8FDC-42A3-9474-1A3956D46DE8}") = "Frontends", "Frontends", "{2CD4B026-C683-4FC1-B9A6-22149E552919}"
EndProject
Project("{9A19103F-16F7-4668-BE54-9A1E7A4F7556}") = "MultiShop.WebUI", "Frontends\MultiShop.WebUI\MultiShop.WebUI.csproj", "{4200C0E0-A3C7-48F9-83BB-522AF218F7FB}"
EndProject
Project("{9A19103F-16F7-4668-BE54-9A1E7A4F7556}") = "MultiShop.DtoLayer", "Frontends\MultiShop.DtoLayer\MultiShop.DtoLayer.csproj", "{E52524B9-2092-4057-84FA-000955A80AC0}"
EndProject
Project("{2150E333-8FDC-42A3-9474-1A3956D46DE8}") = "Comment", "Comment", "{955A9211-DE64-4EB1-BA6A-88E07C61AE58}"
EndProject
Project("{9A19103F-16F7-4668-BE54-9A1E7A4F7556}") = "MultiShop.Comment", "Services\Comment\MultiShop.Comment\MultiShop.Comment.csproj", "{952CAE72-BDBD-4F1A-B424-6373EC9E05AD}"
EndProject
Project("{2150E333-8FDC-42A3-9474-1A3956D46DE8}") = "ApiGateway", "ApiGateway", "{33E29406-F51B-4421-81EB-C5E61069ADAB}"
EndProject
Project("{9A19103F-16F7-4668-BE54-9A1E7A4F7556}") = "MultiShop.OcelotGateway", "ApiGateway\MultiShop.OcelotGateway\MultiShop.OcelotGateway.csproj", "{FF77B5D0-5435-456E-A104-32A41DE55ABF}"
EndProject
Project("{2150E333-8FDC-42A3-9474-1A3956D46DE8}") = "Payment", "Payment", "{CC8CC1E8-C911-453A-9A92-3217945C171E}"
EndProject
Project("{9A19103F-16F7-4668-BE54-9A1E7A4F7556}") = "MultiShop.Payment", "Services\Payment\MultiShop.Payment\MultiShop.Payment.csproj", "{8D3C920C-2AA0-4944-9F9D-79B3746144A2}"
EndProject
Project("{2150E333-8FDC-42A3-9474-1A3956D46DE8}") = "Images", "Images", "{95189AFA-0984-4755-83A5-BA34C251F3F4}"
EndProject
Project("{9A19103F-16F7-4668-BE54-9A1E7A4F7556}") = "MultiShop.Images", "Services\Images\MultiShop.Images\MultiShop.Images.csproj", "{EDC95D81-1629-46A6-A470-82469CCCFB6F}"
EndProject
Project("{2150E333-8FDC-42A3-9474-1A3956D46DE8}") = "Requirement", "Requirement", "{B66664AB-1C1F-4A66-BE14-FC2E07EAF4A2}"
	ProjectSection(SolutionItems) = preProject
		LoginIndex.txt = LoginIndex.txt
		..\downdosylar\MultiShop-master\MultiShop-master\OcelotCodeExample.txt = ..\downdosylar\MultiShop-master\MultiShop-master\OcelotCodeExample.txt
		UserExample.txt = UserExample.txt
	EndProjectSection
EndProject
Project("{2150E333-8FDC-42A3-9474-1A3956D46DE8}") = "Message", "Message", "{D5129DDE-B4EB-4FCB-8BD6-F0DAD5A2DFA4}"
EndProject
Project("{FAE04EC0-301F-11D3-BF4B-00C04F79EFBC}") = "MultiShop.Message", "Services\Message\MultiShop.Message\MultiShop.Message.csproj", "{32486B4D-4386-411B-AA21-F9C6EB37112B}"
EndProject
Global
	GlobalSection(SolutionConfigurationPlatforms) = preSolution
		Debug|Any CPU = Debug|Any CPU
		Release|Any CPU = Release|Any CPU
	EndGlobalSection
	GlobalSection(ProjectConfigurationPlatforms) = postSolution
		{F87E1BCC-C5E4-4E45-85C2-F75EAA8541D9}.Debug|Any CPU.ActiveCfg = Debug|Any CPU
		{F87E1BCC-C5E4-4E45-85C2-F75EAA8541D9}.Debug|Any CPU.Build.0 = Debug|Any CPU
		{F87E1BCC-C5E4-4E45-85C2-F75EAA8541D9}.Release|Any CPU.ActiveCfg = Release|Any CPU
		{F87E1BCC-C5E4-4E45-85C2-F75EAA8541D9}.Release|Any CPU.Build.0 = Release|Any CPU
		{4D3CC906-FBDA-4EC4-B9AE-8BB26089F535}.Debug|Any CPU.ActiveCfg = Debug|Any CPU
		{4D3CC906-FBDA-4EC4-B9AE-8BB26089F535}.Debug|Any CPU.Build.0 = Debug|Any CPU
		{4D3CC906-FBDA-4EC4-B9AE-8BB26089F535}.Release|Any CPU.ActiveCfg = Release|Any CPU
		{4D3CC906-FBDA-4EC4-B9AE-8BB26089F535}.Release|Any CPU.Build.0 = Release|Any CPU
		{F04D50BA-A5B6-467B-90E2-B4904ABA48A5}.Debug|Any CPU.ActiveCfg = Debug|Any CPU
		{F04D50BA-A5B6-467B-90E2-B4904ABA48A5}.Debug|Any CPU.Build.0 = Debug|Any CPU
		{F04D50BA-A5B6-467B-90E2-B4904ABA48A5}.Release|Any CPU.ActiveCfg = Release|Any CPU
		{F04D50BA-A5B6-467B-90E2-B4904ABA48A5}.Release|Any CPU.Build.0 = Release|Any CPU
		{D090F632-B52F-4AD5-A4B2-41A447B99E7A}.Debug|Any CPU.ActiveCfg = Debug|Any CPU
		{D090F632-B52F-4AD5-A4B2-41A447B99E7A}.Debug|Any CPU.Build.0 = Debug|Any CPU
		{D090F632-B52F-4AD5-A4B2-41A447B99E7A}.Release|Any CPU.ActiveCfg = Release|Any CPU
		{D090F632-B52F-4AD5-A4B2-41A447B99E7A}.Release|Any CPU.Build.0 = Release|Any CPU
		{CE244AB9-D441-4A71-AB8F-1E4DA565935F}.Debug|Any CPU.ActiveCfg = Debug|Any CPU
		{CE244AB9-D441-4A71-AB8F-1E4DA565935F}.Debug|Any CPU.Build.0 = Debug|Any CPU
		{CE244AB9-D441-4A71-AB8F-1E4DA565935F}.Release|Any CPU.ActiveCfg = Release|Any CPU
		{CE244AB9-D441-4A71-AB8F-1E4DA565935F}.Release|Any CPU.Build.0 = Release|Any CPU
		{BF084007-62C5-4048-B068-BFBFDC8AE143}.Debug|Any CPU.ActiveCfg = Debug|Any CPU
		{BF084007-62C5-4048-B068-BFBFDC8AE143}.Debug|Any CPU.Build.0 = Debug|Any CPU
		{BF084007-62C5-4048-B068-BFBFDC8AE143}.Release|Any CPU.ActiveCfg = Release|Any CPU
		{BF084007-62C5-4048-B068-BFBFDC8AE143}.Release|Any CPU.Build.0 = Release|Any CPU
		{C00729E8-82FF-4FB2-975D-98DFBB613808}.Debug|Any CPU.ActiveCfg = Debug|Any CPU
		{C00729E8-82FF-4FB2-975D-98DFBB613808}.Debug|Any CPU.Build.0 = Debug|Any CPU
		{C00729E8-82FF-4FB2-975D-98DFBB613808}.Release|Any CPU.ActiveCfg = Release|Any CPU
		{C00729E8-82FF-4FB2-975D-98DFBB613808}.Release|Any CPU.Build.0 = Release|Any CPU
		{FC94002F-C814-44B8-86F1-18714FF6A70D}.Debug|Any CPU.ActiveCfg = Debug|Any CPU
		{FC94002F-C814-44B8-86F1-18714FF6A70D}.Debug|Any CPU.Build.0 = Debug|Any CPU
		{FC94002F-C814-44B8-86F1-18714FF6A70D}.Release|Any CPU.ActiveCfg = Release|Any CPU
		{FC94002F-C814-44B8-86F1-18714FF6A70D}.Release|Any CPU.Build.0 = Release|Any CPU
		{7BAE6323-C3EE-44A9-B8B1-33D8D0A7C8E8}.Debug|Any CPU.ActiveCfg = Debug|Any CPU
		{7BAE6323-C3EE-44A9-B8B1-33D8D0A7C8E8}.Debug|Any CPU.Build.0 = Debug|Any CPU
		{7BAE6323-C3EE-44A9-B8B1-33D8D0A7C8E8}.Release|Any CPU.ActiveCfg = Release|Any CPU
		{7BAE6323-C3EE-44A9-B8B1-33D8D0A7C8E8}.Release|Any CPU.Build.0 = Release|Any CPU
		{EC6EFFEC-48BA-4538-BB7D-B6EF2CBB82BE}.Debug|Any CPU.ActiveCfg = Debug|Any CPU
		{EC6EFFEC-48BA-4538-BB7D-B6EF2CBB82BE}.Debug|Any CPU.Build.0 = Debug|Any CPU
		{EC6EFFEC-48BA-4538-BB7D-B6EF2CBB82BE}.Release|Any CPU.ActiveCfg = Release|Any CPU
		{EC6EFFEC-48BA-4538-BB7D-B6EF2CBB82BE}.Release|Any CPU.Build.0 = Release|Any CPU
		{8F69C296-27FD-4D0A-9113-205F96F7F162}.Debug|Any CPU.ActiveCfg = Debug|Any CPU
		{8F69C296-27FD-4D0A-9113-205F96F7F162}.Debug|Any CPU.Build.0 = Debug|Any CPU
		{8F69C296-27FD-4D0A-9113-205F96F7F162}.Release|Any CPU.ActiveCfg = Release|Any CPU
		{8F69C296-27FD-4D0A-9113-205F96F7F162}.Release|Any CPU.Build.0 = Release|Any CPU
		{4C1A6752-0E50-4B9D-805E-FF174CA9A67D}.Debug|Any CPU.ActiveCfg = Debug|Any CPU
		{4C1A6752-0E50-4B9D-805E-FF174CA9A67D}.Debug|Any CPU.Build.0 = Debug|Any CPU
		{4C1A6752-0E50-4B9D-805E-FF174CA9A67D}.Release|Any CPU.ActiveCfg = Release|Any CPU
		{4C1A6752-0E50-4B9D-805E-FF174CA9A67D}.Release|Any CPU.Build.0 = Release|Any CPU
		{40C95E52-3284-4638-A48C-E8EBB7EECAAF}.Debug|Any CPU.ActiveCfg = Debug|Any CPU
		{40C95E52-3284-4638-A48C-E8EBB7EECAAF}.Debug|Any CPU.Build.0 = Debug|Any CPU
		{40C95E52-3284-4638-A48C-E8EBB7EECAAF}.Release|Any CPU.ActiveCfg = Release|Any CPU
		{40C95E52-3284-4638-A48C-E8EBB7EECAAF}.Release|Any CPU.Build.0 = Release|Any CPU
		{4200C0E0-A3C7-48F9-83BB-522AF218F7FB}.Debug|Any CPU.ActiveCfg = Debug|Any CPU
		{4200C0E0-A3C7-48F9-83BB-522AF218F7FB}.Debug|Any CPU.Build.0 = Debug|Any CPU
		{4200C0E0-A3C7-48F9-83BB-522AF218F7FB}.Release|Any CPU.ActiveCfg = Release|Any CPU
		{4200C0E0-A3C7-48F9-83BB-522AF218F7FB}.Release|Any CPU.Build.0 = Release|Any CPU
		{E52524B9-2092-4057-84FA-000955A80AC0}.Debug|Any CPU.ActiveCfg = Debug|Any CPU
		{E52524B9-2092-4057-84FA-000955A80AC0}.Debug|Any CPU.Build.0 = Debug|Any CPU
		{E52524B9-2092-4057-84FA-000955A80AC0}.Release|Any CPU.ActiveCfg = Release|Any CPU
		{E52524B9-2092-4057-84FA-000955A80AC0}.Release|Any CPU.Build.0 = Release|Any CPU
		{952CAE72-BDBD-4F1A-B424-6373EC9E05AD}.Debug|Any CPU.ActiveCfg = Debug|Any CPU
		{952CAE72-BDBD-4F1A-B424-6373EC9E05AD}.Debug|Any CPU.Build.0 = Debug|Any CPU
		{952CAE72-BDBD-4F1A-B424-6373EC9E05AD}.Release|Any CPU.ActiveCfg = Release|Any CPU
		{952CAE72-BDBD-4F1A-B424-6373EC9E05AD}.Release|Any CPU.Build.0 = Release|Any CPU
		{FF77B5D0-5435-456E-A104-32A41DE55ABF}.Debug|Any CPU.ActiveCfg = Debug|Any CPU
		{FF77B5D0-5435-456E-A104-32A41DE55ABF}.Debug|Any CPU.Build.0 = Debug|Any CPU
		{FF77B5D0-5435-456E-A104-32A41DE55ABF}.Release|Any CPU.ActiveCfg = Release|Any CPU
		{FF77B5D0-5435-456E-A104-32A41DE55ABF}.Release|Any CPU.Build.0 = Release|Any CPU
		{8D3C920C-2AA0-4944-9F9D-79B3746144A2}.Debug|Any CPU.ActiveCfg = Debug|Any CPU
		{8D3C920C-2AA0-4944-9F9D-79B3746144A2}.Debug|Any CPU.Build.0 = Debug|Any CPU
		{8D3C920C-2AA0-4944-9F9D-79B3746144A2}.Release|Any CPU.ActiveCfg = Release|Any CPU
		{8D3C920C-2AA0-4944-9F9D-79B3746144A2}.Release|Any CPU.Build.0 = Release|Any CPU
		{EDC95D81-1629-46A6-A470-82469CCCFB6F}.Debug|Any CPU.ActiveCfg = Debug|Any CPU
		{EDC95D81-1629-46A6-A470-82469CCCFB6F}.Debug|Any CPU.Build.0 = Debug|Any CPU
		{EDC95D81-1629-46A6-A470-82469CCCFB6F}.Release|Any CPU.ActiveCfg = Release|Any CPU
		{EDC95D81-1629-46A6-A470-82469CCCFB6F}.Release|Any CPU.Build.0 = Release|Any CPU
		{32486B4D-4386-411B-AA21-F9C6EB37112B}.Debug|Any CPU.ActiveCfg = Debug|Any CPU
		{32486B4D-4386-411B-AA21-F9C6EB37112B}.Debug|Any CPU.Build.0 = Debug|Any CPU
		{32486B4D-4386-411B-AA21-F9C6EB37112B}.Release|Any CPU.ActiveCfg = Release|Any CPU
		{32486B4D-4386-411B-AA21-F9C6EB37112B}.Release|Any CPU.Build.0 = Release|Any CPU
	EndGlobalSection
	GlobalSection(SolutionProperties) = preSolution
		HideSolutionNode = FALSE
	EndGlobalSection
	GlobalSection(NestedProjects) = preSolution
		{C9B947FD-393F-4610-9A09-12B5FCAEC76C} = {76376938-A975-40B0-9659-CC5C67BCF7DB}
		{F87E1BCC-C5E4-4E45-85C2-F75EAA8541D9} = {C9B947FD-393F-4610-9A09-12B5FCAEC76C}
		{6ADBC9FF-4B35-48FC-A71C-BA1121403832} = {76376938-A975-40B0-9659-CC5C67BCF7DB}
		{4D3CC906-FBDA-4EC4-B9AE-8BB26089F535} = {6ADBC9FF-4B35-48FC-A71C-BA1121403832}
		{204F58DC-0ADB-4D04-A120-E70ACAE55FE1} = {76376938-A975-40B0-9659-CC5C67BCF7DB}
		{8693E720-20CD-4055-9F05-72DA2C8E84F6} = {204F58DC-0ADB-4D04-A120-E70ACAE55FE1}
		{AA081234-D42C-4B39-9CCA-7E7C1F81F2DA} = {204F58DC-0ADB-4D04-A120-E70ACAE55FE1}
		{F04D50BA-A5B6-467B-90E2-B4904ABA48A5} = {8693E720-20CD-4055-9F05-72DA2C8E84F6}
		{D090F632-B52F-4AD5-A4B2-41A447B99E7A} = {8693E720-20CD-4055-9F05-72DA2C8E84F6}
		{CE244AB9-D441-4A71-AB8F-1E4DA565935F} = {AA081234-D42C-4B39-9CCA-7E7C1F81F2DA}
		{CD2112A4-7B4D-422E-94A1-3C7F7E654B8D} = {204F58DC-0ADB-4D04-A120-E70ACAE55FE1}
		{BF084007-62C5-4048-B068-BFBFDC8AE143} = {CD2112A4-7B4D-422E-94A1-3C7F7E654B8D}
		{C00729E8-82FF-4FB2-975D-98DFBB613808} = {5ADF0634-DB4A-40DA-9736-D30B82EBF1BE}
		{1FA8325C-CB82-4DDD-9240-F9A824F97ED6} = {76376938-A975-40B0-9659-CC5C67BCF7DB}
		{FC94002F-C814-44B8-86F1-18714FF6A70D} = {1FA8325C-CB82-4DDD-9240-F9A824F97ED6}
		{7BAE6323-C3EE-44A9-B8B1-33D8D0A7C8E8} = {1FA8325C-CB82-4DDD-9240-F9A824F97ED6}
		{EC6EFFEC-48BA-4538-BB7D-B6EF2CBB82BE} = {1FA8325C-CB82-4DDD-9240-F9A824F97ED6}
		{8F69C296-27FD-4D0A-9113-205F96F7F162} = {1FA8325C-CB82-4DDD-9240-F9A824F97ED6}
		{4C1A6752-0E50-4B9D-805E-FF174CA9A67D} = {1FA8325C-CB82-4DDD-9240-F9A824F97ED6}
		{ED1E3C05-E3DF-4270-934B-78C8BBAC6D17} = {76376938-A975-40B0-9659-CC5C67BCF7DB}
		{40C95E52-3284-4638-A48C-E8EBB7EECAAF} = {ED1E3C05-E3DF-4270-934B-78C8BBAC6D17}
		{4200C0E0-A3C7-48F9-83BB-522AF218F7FB} = {2CD4B026-C683-4FC1-B9A6-22149E552919}
		{E52524B9-2092-4057-84FA-000955A80AC0} = {2CD4B026-C683-4FC1-B9A6-22149E552919}
		{955A9211-DE64-4EB1-BA6A-88E07C61AE58} = {76376938-A975-40B0-9659-CC5C67BCF7DB}
		{952CAE72-BDBD-4F1A-B424-6373EC9E05AD} = {955A9211-DE64-4EB1-BA6A-88E07C61AE58}
		{FF77B5D0-5435-456E-A104-32A41DE55ABF} = {33E29406-F51B-4421-81EB-C5E61069ADAB}
		{CC8CC1E8-C911-453A-9A92-3217945C171E} = {76376938-A975-40B0-9659-CC5C67BCF7DB}
		{8D3C920C-2AA0-4944-9F9D-79B3746144A2} = {CC8CC1E8-C911-453A-9A92-3217945C171E}
		{95189AFA-0984-4755-83A5-BA34C251F3F4} = {76376938-A975-40B0-9659-CC5C67BCF7DB}
		{EDC95D81-1629-46A6-A470-82469CCCFB6F} = {95189AFA-0984-4755-83A5-BA34C251F3F4}
		{D5129DDE-B4EB-4FCB-8BD6-F0DAD5A2DFA4} = {76376938-A975-40B0-9659-CC5C67BCF7DB}
		{32486B4D-4386-411B-AA21-F9C6EB37112B} = {D5129DDE-B4EB-4FCB-8BD6-F0DAD5A2DFA4}
	EndGlobalSection
	GlobalSection(ExtensibilityGlobals) = postSolution
		SolutionGuid = {5782A6B1-7AE7-4FF7-9D44-252DF09748AE}
	EndGlobalSection
EndGlobal
